
Microsoft Visual Studio Solution File, Format Version 12.00
# Visual Studio Version 17
VisualStudioVersion = 17.1.32421.90
MinimumVisualStudioVersion = 10.0.40219.1
Project("{2150E333-8FDC-42A3-9474-1A3956D46DE8}") = "Solution Items", "Solution Items", "{0221EF0D-FCD8-4248-8188-55617D5B18CA}"
	ProjectSection(SolutionItems) = preProject
		.editorconfig = .editorconfig
		Directory.Build.props = Directory.Build.props
	EndProjectSection
EndProject
Project("{9A19103F-16F7-4668-BE54-9A1E7A4F7556}") = "AwaitAwaitVsAwaitUnwrapBenchmark", "AwaitAwaitVsAwaitUnwrapBenchmark\AwaitAwaitVsAwaitUnwrapBenchmark.csproj", "{EF7369D9-F2E8-47C7-B9F1-98FFBCAF6202}"
EndProject
Project("{9A19103F-16F7-4668-BE54-9A1E7A4F7556}") = "AwaitAwaitVsAwaitUnwrap", "AwaitAwaitVsAwaitUnwrap\AwaitAwaitVsAwaitUnwrap.csproj", "{E3EFA126-87A9-4336-B61E-638597FCD16E}"
EndProject
Project("{9A19103F-16F7-4668-BE54-9A1E7A4F7556}") = "Task.Tests", "Task.Tests\Task.Tests.csproj", "{E9860EE3-51F8-4A71-9EE9-FAA524CC502E}"
EndProject
Project("{9A19103F-16F7-4668-BE54-9A1E7A4F7556}") = "AsyncBreakfast", "AsyncBreakfast\AsyncBreakfast.csproj", "{45259DFD-0C90-4831-80C3-1851161C301F}"
EndProject
Global
	GlobalSection(SolutionConfigurationPlatforms) = preSolution
		Debug|Any CPU = Debug|Any CPU
		Debug|x64 = Debug|x64
		Debug|x86 = Debug|x86
		Release|Any CPU = Release|Any CPU
		Release|x64 = Release|x64
		Release|x86 = Release|x86
	EndGlobalSection
	GlobalSection(ProjectConfigurationPlatforms) = postSolution
		{EF7369D9-F2E8-47C7-B9F1-98FFBCAF6202}.Debug|Any CPU.ActiveCfg = Debug|Any CPU
		{EF7369D9-F2E8-47C7-B9F1-98FFBCAF6202}.Debug|Any CPU.Build.0 = Debug|Any CPU
		{EF7369D9-F2E8-47C7-B9F1-98FFBCAF6202}.Debug|x64.ActiveCfg = Debug|Any CPU
		{EF7369D9-F2E8-47C7-B9F1-98FFBCAF6202}.Debug|x64.Build.0 = Debug|Any CPU
		{EF7369D9-F2E8-47C7-B9F1-98FFBCAF6202}.Debug|x86.ActiveCfg = Debug|Any CPU
		{EF7369D9-F2E8-47C7-B9F1-98FFBCAF6202}.Debug|x86.Build.0 = Debug|Any CPU
		{EF7369D9-F2E8-47C7-B9F1-98FFBCAF6202}.Release|Any CPU.ActiveCfg = Release|Any CPU
		{EF7369D9-F2E8-47C7-B9F1-98FFBCAF6202}.Release|Any CPU.Build.0 = Release|Any CPU
		{EF7369D9-F2E8-47C7-B9F1-98FFBCAF6202}.Release|x64.ActiveCfg = Release|Any CPU
		{EF7369D9-F2E8-47C7-B9F1-98FFBCAF6202}.Release|x64.Build.0 = Release|Any CPU
		{EF7369D9-F2E8-47C7-B9F1-98FFBCAF6202}.Release|x86.ActiveCfg = Release|Any CPU
		{EF7369D9-F2E8-47C7-B9F1-98FFBCAF6202}.Release|x86.Build.0 = Release|Any CPU
		{E3EFA126-87A9-4336-B61E-638597FCD16E}.Debug|Any CPU.ActiveCfg = Debug|Any CPU
		{E3EFA126-87A9-4336-B61E-638597FCD16E}.Debug|Any CPU.Build.0 = Debug|Any CPU
		{E3EFA126-87A9-4336-B61E-638597FCD16E}.Debug|x64.ActiveCfg = Debug|Any CPU
		{E3EFA126-87A9-4336-B61E-638597FCD16E}.Debug|x64.Build.0 = Debug|Any CPU
		{E3EFA126-87A9-4336-B61E-638597FCD16E}.Debug|x86.ActiveCfg = Debug|Any CPU
		{E3EFA126-87A9-4336-B61E-638597FCD16E}.Debug|x86.Build.0 = Debug|Any CPU
		{E3EFA126-87A9-4336-B61E-638597FCD16E}.Release|Any CPU.ActiveCfg = Release|Any CPU
		{E3EFA126-87A9-4336-B61E-638597FCD16E}.Release|Any CPU.Build.0 = Release|Any CPU
		{E3EFA126-87A9-4336-B61E-638597FCD16E}.Release|x64.ActiveCfg = Release|Any CPU
		{E3EFA126-87A9-4336-B61E-638597FCD16E}.Release|x64.Build.0 = Release|Any CPU
		{E3EFA126-87A9-4336-B61E-638597FCD16E}.Release|x86.ActiveCfg = Release|Any CPU
		{E3EFA126-87A9-4336-B61E-638597FCD16E}.Release|x86.Build.0 = Release|Any CPU
		{E9860EE3-51F8-4A71-9EE9-FAA524CC502E}.Debug|Any CPU.ActiveCfg = Debug|Any CPU
		{E9860EE3-51F8-4A71-9EE9-FAA524CC502E}.Debug|Any CPU.Build.0 = Debug|Any CPU
		{E9860EE3-51F8-4A71-9EE9-FAA524CC502E}.Debug|x64.ActiveCfg = Debug|Any CPU
		{E9860EE3-51F8-4A71-9EE9-FAA524CC502E}.Debug|x64.Build.0 = Debug|Any CPU
		{E9860EE3-51F8-4A71-9EE9-FAA524CC502E}.Debug|x86.ActiveCfg = Debug|Any CPU
		{E9860EE3-51F8-4A71-9EE9-FAA524CC502E}.Debug|x86.Build.0 = Debug|Any CPU
		{E9860EE3-51F8-4A71-9EE9-FAA524CC502E}.Release|Any CPU.ActiveCfg = Release|Any CPU
		{E9860EE3-51F8-4A71-9EE9-FAA524CC502E}.Release|Any CPU.Build.0 = Release|Any CPU
		{E9860EE3-51F8-4A71-9EE9-FAA524CC502E}.Release|x64.ActiveCfg = Release|Any CPU
		{E9860EE3-51F8-4A71-9EE9-FAA524CC502E}.Release|x64.Build.0 = Release|Any CPU
		{E9860EE3-51F8-4A71-9EE9-FAA524CC502E}.Release|x86.ActiveCfg = Release|Any CPU
		{E9860EE3-51F8-4A71-9EE9-FAA524CC502E}.Release|x86.Build.0 = Release|Any CPU
		{45259DFD-0C90-4831-80C3-1851161C301F}.Debug|Any CPU.ActiveCfg = Debug|Any CPU
		{45259DFD-0C90-4831-80C3-1851161C301F}.Debug|Any CPU.Build.0 = Debug|Any CPU
		{45259DFD-0C90-4831-80C3-1851161C301F}.Debug|x64.ActiveCfg = Debug|Any CPU
		{45259DFD-0C90-4831-80C3-1851161C301F}.Debug|x64.Build.0 = Debug|Any CPU
		{45259DFD-0C90-4831-80C3-1851161C301F}.Debug|x86.ActiveCfg = Debug|Any CPU
		{45259DFD-0C90-4831-80C3-1851161C301F}.Debug|x86.Build.0 = Debug|Any CPU
		{45259DFD-0C90-4831-80C3-1851161C301F}.Release|Any CPU.ActiveCfg = Release|Any CPU
		{45259DFD-0C90-4831-80C3-1851161C301F}.Release|Any CPU.Build.0 = Release|Any CPU
		{45259DFD-0C90-4831-80C3-1851161C301F}.Release|x64.ActiveCfg = Release|Any CPU
		{45259DFD-0C90-4831-80C3-1851161C301F}.Release|x64.Build.0 = Release|Any CPU
		{45259DFD-0C90-4831-80C3-1851161C301F}.Release|x86.ActiveCfg = Release|Any CPU
		{45259DFD-0C90-4831-80C3-1851161C301F}.Release|x86.Build.0 = Release|Any CPU
	EndGlobalSection
	GlobalSection(SolutionProperties) = preSolution
		HideSolutionNode = FALSE
	EndGlobalSection
	GlobalSection(ExtensibilityGlobals) = postSolution
		SolutionGuid = {97412DC1-BA8D-4054-88AE-FF663CB793A3}
	EndGlobalSection
EndGlobal
